
Microsoft Visual Studio Solution File, Format Version 12.00
# Visual Studio Version 16
VisualStudioVersion = 16.0.30114.105
MinimumVisualStudioVersion = 10.0.40219.1
Project("{FAE04EC0-301F-11D3-BF4B-00C04F79EFBC}") = "1.4 Veterinaria Dueño Mascota", "1.4 Veterinaria Dueño Mascota.csproj", "{92F964F1-595F-4B25-B1A1-A1B4D691D7E4}"
EndProject
Global
	GlobalSection(SolutionConfigurationPlatforms) = preSolution
		Debug|Any CPU = Debug|Any CPU
		Release|Any CPU = Release|Any CPU
	EndGlobalSection
	GlobalSection(ProjectConfigurationPlatforms) = postSolution
		{92F964F1-595F-4B25-B1A1-A1B4D691D7E4}.Debug|Any CPU.ActiveCfg = Debug|Any CPU
		{92F964F1-595F-4B25-B1A1-A1B4D691D7E4}.Debug|Any CPU.Build.0 = Debug|Any CPU
		{92F964F1-595F-4B25-B1A1-A1B4D691D7E4}.Release|Any CPU.ActiveCfg = Release|Any CPU
		{92F964F1-595F-4B25-B1A1-A1B4D691D7E4}.Release|Any CPU.Build.0 = Release|Any CPU
	EndGlobalSection
	GlobalSection(SolutionProperties) = preSolution
		HideSolutionNode = FALSE
	EndGlobalSection
	GlobalSection(ExtensibilityGlobals) = postSolution
		SolutionGuid = {BA33EB28-79E1-4907-A380-FFA2D14797F3}
	EndGlobalSection
EndGlobal
